
Microsoft Visual Studio Solution File, Format Version 12.00
# Visual Studio 2012
Project("{FAE04EC0-301F-11D3-BF4B-00C04F79EFBC}") = "ICT13580002A", "ICT13580002A\ICT13580002A.csproj", "{ABCF4FAA-487E-44A1-854A-3D305F7EBD4E}"
EndProject
Project("{FAE04EC0-301F-11D3-BF4B-00C04F79EFBC}") = "ICT13580002A.iOS", "iOS\ICT13580002A.iOS.csproj", "{3FC153B9-E9CE-43C6-8B44-16CF5D20937B}"
EndProject
Global
	GlobalSection(SolutionConfigurationPlatforms) = preSolution
		Debug|Any CPU = Debug|Any CPU
		Release|Any CPU = Release|Any CPU
		Debug|iPhoneSimulator = Debug|iPhoneSimulator
		Release|iPhone = Release|iPhone
		Release|iPhoneSimulator = Release|iPhoneSimulator
		Debug|iPhone = Debug|iPhone
	EndGlobalSection
	GlobalSection(ProjectConfigurationPlatforms) = postSolution
		{ABCF4FAA-487E-44A1-854A-3D305F7EBD4E}.Debug|Any CPU.ActiveCfg = Debug|Any CPU
		{ABCF4FAA-487E-44A1-854A-3D305F7EBD4E}.Debug|Any CPU.Build.0 = Debug|Any CPU
		{ABCF4FAA-487E-44A1-854A-3D305F7EBD4E}.Release|Any CPU.ActiveCfg = Release|Any CPU
		{ABCF4FAA-487E-44A1-854A-3D305F7EBD4E}.Release|Any CPU.Build.0 = Release|Any CPU
		{ABCF4FAA-487E-44A1-854A-3D305F7EBD4E}.Debug|iPhoneSimulator.ActiveCfg = Debug|Any CPU
		{ABCF4FAA-487E-44A1-854A-3D305F7EBD4E}.Debug|iPhoneSimulator.Build.0 = Debug|Any CPU
		{ABCF4FAA-487E-44A1-854A-3D305F7EBD4E}.Release|iPhone.ActiveCfg = Release|Any CPU
		{ABCF4FAA-487E-44A1-854A-3D305F7EBD4E}.Release|iPhone.Build.0 = Release|Any CPU
		{ABCF4FAA-487E-44A1-854A-3D305F7EBD4E}.Release|iPhoneSimulator.ActiveCfg = Release|Any CPU
		{ABCF4FAA-487E-44A1-854A-3D305F7EBD4E}.Release|iPhoneSimulator.Build.0 = Release|Any CPU
		{ABCF4FAA-487E-44A1-854A-3D305F7EBD4E}.Debug|iPhone.ActiveCfg = Debug|Any CPU
		{ABCF4FAA-487E-44A1-854A-3D305F7EBD4E}.Debug|iPhone.Build.0 = Debug|Any CPU
		{3FC153B9-E9CE-43C6-8B44-16CF5D20937B}.Debug|Any CPU.ActiveCfg = Debug|iPhoneSimulator
		{3FC153B9-E9CE-43C6-8B44-16CF5D20937B}.Debug|Any CPU.Build.0 = Debug|iPhoneSimulator
		{3FC153B9-E9CE-43C6-8B44-16CF5D20937B}.Release|Any CPU.ActiveCfg = Release|iPhone
		{3FC153B9-E9CE-43C6-8B44-16CF5D20937B}.Release|Any CPU.Build.0 = Release|iPhone
		{3FC153B9-E9CE-43C6-8B44-16CF5D20937B}.Debug|iPhoneSimulator.ActiveCfg = Debug|iPhoneSimulator
		{3FC153B9-E9CE-43C6-8B44-16CF5D20937B}.Debug|iPhoneSimulator.Build.0 = Debug|iPhoneSimulator
		{3FC153B9-E9CE-43C6-8B44-16CF5D20937B}.Release|iPhone.ActiveCfg = Release|iPhone
		{3FC153B9-E9CE-43C6-8B44-16CF5D20937B}.Release|iPhone.Build.0 = Release|iPhone
		{3FC153B9-E9CE-43C6-8B44-16CF5D20937B}.Release|iPhoneSimulator.ActiveCfg = Release|iPhoneSimulator
		{3FC153B9-E9CE-43C6-8B44-16CF5D20937B}.Release|iPhoneSimulator.Build.0 = Release|iPhoneSimulator
		{3FC153B9-E9CE-43C6-8B44-16CF5D20937B}.Debug|iPhone.ActiveCfg = Debug|iPhone
		{3FC153B9-E9CE-43C6-8B44-16CF5D20937B}.Debug|iPhone.Build.0 = Debug|iPhone
	EndGlobalSection
EndGlobal
